{
  "lockfile_version": "1",
  "packages": {
    "github:NixOS/nixpkgs/nixpkgs-unstable": {
      "last_modified": "2026-01-02T14:39:32Z",
      "resolved": "github:NixOS/nixpkgs/16c7794d0a28b5a37904d55bcca36003b9109aaa?lastModified=1767364772"
    },
    "lazydocker@latest": {
      "last_modified": "2025-12-31T03:27:36Z",
      "resolved": "github:NixOS/nixpkgs/f665af0cdb70ed27e1bd8f9fdfecaf451260fc55#lazydocker",
      "source": "devbox-search",
      "version": "0.24.3",
      "systems": {
        "aarch64-darwin": {
          "outputs": [
            {
              "name": "out",
              "path": "/nix/store/kdp934qcdg6dliprxz3c43mhlqsl0f4k-lazydocker-0.24.3",
              "default": true
            }
          ],
          "store_path": "/nix/store/kdp934qcdg6dliprxz3c43mhlqsl0f4k-lazydocker-0.24.3"
        },
        "aarch64-linux": {
          "outputs": [
            {
              "name": "out",
              "path": "/nix/store/c2j9081dh7ikncf7xipjch7v2na9zv3w-lazydocker-0.24.3",
              "default": true
            }
          ],
          "store_path": "/nix/store/c2j9081dh7ikncf7xipjch7v2na9zv3w-lazydocker-0.24.3"
        },
        "x86_64-darwin": {
          "outputs": [
            {
              "name": "out",
              "path": "/nix/store/5l0mzll3xs2r934gby5qcflis2q8ynxa-lazydocker-0.24.3",
              "default": true
            }
          ],
          "store_path": "/nix/store/5l0mzll3xs2r934gby5qcflis2q8ynxa-lazydocker-0.24.3"
        },
        "x86_64-linux": {
          "outputs": [
            {
              "name": "out",
              "path": "/nix/store/kfasv8z9zcrvqhp86xx5gv9kk8xpnf4q-lazydocker-0.24.3",
              "default": true
            }
          ],
          "store_path": "/nix/store/kfasv8z9zcrvqhp86xx5gv9kk8xpnf4q-lazydocker-0.24.3"
        }
      }
    },
    "lazygit@latest": {
      "last_modified": "2026-01-13T11:13:53Z",
      "resolved": "github:NixOS/nixpkgs/61db79b0c6b838d9894923920b612048e1201926#lazygit",
      "source": "devbox-search",
      "version": "0.58.1",
      "systems": {
        "aarch64-darwin": {
          "outputs": [
            {
              "name": "out",
              "path": "/nix/store/x63sz0pba0gm8asqcy19ygncagj7kqyw-lazygit-0.58.1",
              "default": true
            }
          ],
          "store_path": "/nix/store/x63sz0pba0gm8asqcy19ygncagj7kqyw-lazygit-0.58.1"
        },
        "aarch64-linux": {
          "outputs": [
            {
              "name": "out",
              "path": "/nix/store/345709g0m9chpf06wglp0d3b6dhddc94-lazygit-0.58.1",
              "default": true
            }
          ],
          "store_path": "/nix/store/345709g0m9chpf06wglp0d3b6dhddc94-lazygit-0.58.1"
        },
        "x86_64-darwin": {
          "outputs": [
            {
              "name": "out",
              "path": "/nix/store/wqh8g1j0332sn9da55z3l7353c3l1w4v-lazygit-0.58.1",
              "default": true
            }
          ],
          "store_path": "/nix/store/wqh8g1j0332sn9da55z3l7353c3l1w4v-lazygit-0.58.1"
        },
        "x86_64-linux": {
          "outputs": [
            {
              "name": "out",
              "path": "/nix/store/lbcvi1g1qccd97sf2rz5b1zybhr222ml-lazygit-0.58.1",
              "default": true
            }
          ],
          "store_path": "/nix/store/lbcvi1g1qccd97sf2rz5b1zybhr222ml-lazygit-0.58.1"
        }
      }
    }
  }
}
